
Microsoft Visual Studio Solution File, Format Version 12.00
# Visual Studio Version 17
VisualStudioVersion = 17.10.34928.147
MinimumVisualStudioVersion = 10.0.40219.1
Project("{8BC9CEB8-8B4A-11D0-8D11-00A0C91BC942}") = "c pulsplus project", "c pulsplus project\c pulsplus project.vcxproj", "{2DB15198-5D14-4ED3-9CD2-33E96175BB8A}"
EndProject
Project("{8BC9CEB8-8B4A-11D0-8D11-00A0C91BC942}") = "Console text", "Console text\Console text.vcxproj", "{E40B8716-7C70-4B9C-A144-93B3A9DE18B0}"
EndProject
Project("{8BC9CEB8-8B4A-11D0-8D11-00A0C91BC942}") = "RPG battle system", "RPG battle system\RPG battle system.vcxproj", "{4F3A9E65-B7AC-421F-936D-E312910EBBE7}"
EndProject
Global
	GlobalSection(SolutionConfigurationPlatforms) = preSolution
		Debug|x64 = Debug|x64
		Debug|x86 = Debug|x86
		Release|x64 = Release|x64
		Release|x86 = Release|x86
	EndGlobalSection
	GlobalSection(ProjectConfigurationPlatforms) = postSolution
		{2DB15198-5D14-4ED3-9CD2-33E96175BB8A}.Debug|x64.ActiveCfg = Debug|x64
		{2DB15198-5D14-4ED3-9CD2-33E96175BB8A}.Debug|x64.Build.0 = Debug|x64
		{2DB15198-5D14-4ED3-9CD2-33E96175BB8A}.Debug|x86.ActiveCfg = Debug|Win32
		{2DB15198-5D14-4ED3-9CD2-33E96175BB8A}.Debug|x86.Build.0 = Debug|Win32
		{2DB15198-5D14-4ED3-9CD2-33E96175BB8A}.Release|x64.ActiveCfg = Release|x64
		{2DB15198-5D14-4ED3-9CD2-33E96175BB8A}.Release|x64.Build.0 = Release|x64
		{2DB15198-5D14-4ED3-9CD2-33E96175BB8A}.Release|x86.ActiveCfg = Release|Win32
		{2DB15198-5D14-4ED3-9CD2-33E96175BB8A}.Release|x86.Build.0 = Release|Win32
		{E40B8716-7C70-4B9C-A144-93B3A9DE18B0}.Debug|x64.ActiveCfg = Debug|x64
		{E40B8716-7C70-4B9C-A144-93B3A9DE18B0}.Debug|x64.Build.0 = Debug|x64
		{E40B8716-7C70-4B9C-A144-93B3A9DE18B0}.Debug|x86.ActiveCfg = Debug|Win32
		{E40B8716-7C70-4B9C-A144-93B3A9DE18B0}.Debug|x86.Build.0 = Debug|Win32
		{E40B8716-7C70-4B9C-A144-93B3A9DE18B0}.Release|x64.ActiveCfg = Release|x64
		{E40B8716-7C70-4B9C-A144-93B3A9DE18B0}.Release|x64.Build.0 = Release|x64
		{E40B8716-7C70-4B9C-A144-93B3A9DE18B0}.Release|x86.ActiveCfg = Release|Win32
		{E40B8716-7C70-4B9C-A144-93B3A9DE18B0}.Release|x86.Build.0 = Release|Win32
		{4F3A9E65-B7AC-421F-936D-E312910EBBE7}.Debug|x64.ActiveCfg = Debug|x64
		{4F3A9E65-B7AC-421F-936D-E312910EBBE7}.Debug|x64.Build.0 = Debug|x64
		{4F3A9E65-B7AC-421F-936D-E312910EBBE7}.Debug|x86.ActiveCfg = Debug|Win32
		{4F3A9E65-B7AC-421F-936D-E312910EBBE7}.Debug|x86.Build.0 = Debug|Win32
		{4F3A9E65-B7AC-421F-936D-E312910EBBE7}.Release|x64.ActiveCfg = Release|x64
		{4F3A9E65-B7AC-421F-936D-E312910EBBE7}.Release|x64.Build.0 = Release|x64
		{4F3A9E65-B7AC-421F-936D-E312910EBBE7}.Release|x86.ActiveCfg = Release|Win32
		{4F3A9E65-B7AC-421F-936D-E312910EBBE7}.Release|x86.Build.0 = Release|Win32
	EndGlobalSection
	GlobalSection(SolutionProperties) = preSolution
		HideSolutionNode = FALSE
	EndGlobalSection
	GlobalSection(ExtensibilityGlobals) = postSolution
		SolutionGuid = {9AC90908-D75C-4EAF-A3BE-6E4C29270E78}
	EndGlobalSection
EndGlobal
